
Microsoft Visual Studio Solution File, Format Version 12.00
# Visual Studio Version 17
VisualStudioVersion = 17.4.33122.133
MinimumVisualStudioVersion = 10.0.40219.1
Project("{9A19103F-16F7-4668-BE54-9A1E7A4F7556}") = "LocadoraDeVeiculos.WinApp", "LocadoraDeVeiculos\LocadoraDeVeiculos.WinApp.csproj", "{F0306701-F916-4FDE-A5E6-5CB112ECFF31}"
EndProject
Project("{2150E333-8FDC-42A3-9474-1A3956D46DE8}") = "1. Apresentação", "1. Apresentação", "{693A425C-E485-4BD0-B493-18B54FAFBE79}"
EndProject
Project("{2150E333-8FDC-42A3-9474-1A3956D46DE8}") = "2. Aplicação", "2. Aplicação", "{0D180175-7DE3-4AD9-8BFA-FCEC7DEF195E}"
EndProject
Project("{2150E333-8FDC-42A3-9474-1A3956D46DE8}") = "3. Domínio", "3. Domínio", "{3B2DF28F-1982-440E-B9E1-D53F657A4590}"
EndProject
Project("{2150E333-8FDC-42A3-9474-1A3956D46DE8}") = "4. Infra", "4. Infra", "{187B85D8-F299-471C-8B6B-1B3C18A9ED01}"
EndProject
Project("{2150E333-8FDC-42A3-9474-1A3956D46DE8}") = "5. Testes", "5. Testes", "{85FAA6F3-FDF1-4616-ABFE-8A847DCDE23B}"
EndProject
Project("{9A19103F-16F7-4668-BE54-9A1E7A4F7556}") = "LocadoraDeVeiculos.Aplicacao", "LocadoraDeVeiculos.Aplicacao\LocadoraDeVeiculos.Aplicacao.csproj", "{0A5555D7-292D-4633-A8D3-1551ECD965F9}"
EndProject
Project("{9A19103F-16F7-4668-BE54-9A1E7A4F7556}") = "LocadoraDeVeiculos.Dominio", "LocadoraDeVeiculos.Dominio\LocadoraDeVeiculos.Dominio.csproj", "{920472F0-BFC7-4955-9B45-2C1635ABDA16}"
EndProject
Project("{9A19103F-16F7-4668-BE54-9A1E7A4F7556}") = "LocadoraDeVeiculos.Infra.Orm", "LocadoraDeVeiculos.Infra.Orm\LocadoraDeVeiculos.Infra.Orm.csproj", "{6E192BA2-E56B-4DE1-9A16-5430A15939B7}"
EndProject
Project("{2150E333-8FDC-42A3-9474-1A3956D46DE8}") = "5.1 UnitTests", "5.1 UnitTests", "{03437CB1-4C31-4A38-87AC-8A8FF2F5EB34}"
EndProject
Project("{2150E333-8FDC-42A3-9474-1A3956D46DE8}") = "5.2 IntegrationTests", "5.2 IntegrationTests", "{8CF4D587-7AE5-40FF-9E07-33F97D4D31D6}"
EndProject
Project("{9A19103F-16F7-4668-BE54-9A1E7A4F7556}") = "LocadoraDeVeiculos.TestesUnitarios", "LocadoraDeVeiculos.TestesUnitarios\LocadoraDeVeiculos.TestesUnitarios.csproj", "{F4E3FE78-B7D9-4398-8747-735731AB3489}"
EndProject
Global
	GlobalSection(SolutionConfigurationPlatforms) = preSolution
		Debug|Any CPU = Debug|Any CPU
		Release|Any CPU = Release|Any CPU
	EndGlobalSection
	GlobalSection(ProjectConfigurationPlatforms) = postSolution
		{F0306701-F916-4FDE-A5E6-5CB112ECFF31}.Debug|Any CPU.ActiveCfg = Debug|Any CPU
		{F0306701-F916-4FDE-A5E6-5CB112ECFF31}.Debug|Any CPU.Build.0 = Debug|Any CPU
		{F0306701-F916-4FDE-A5E6-5CB112ECFF31}.Release|Any CPU.ActiveCfg = Release|Any CPU
		{F0306701-F916-4FDE-A5E6-5CB112ECFF31}.Release|Any CPU.Build.0 = Release|Any CPU
		{0A5555D7-292D-4633-A8D3-1551ECD965F9}.Debug|Any CPU.ActiveCfg = Debug|Any CPU
		{0A5555D7-292D-4633-A8D3-1551ECD965F9}.Debug|Any CPU.Build.0 = Debug|Any CPU
		{0A5555D7-292D-4633-A8D3-1551ECD965F9}.Release|Any CPU.ActiveCfg = Release|Any CPU
		{0A5555D7-292D-4633-A8D3-1551ECD965F9}.Release|Any CPU.Build.0 = Release|Any CPU
		{920472F0-BFC7-4955-9B45-2C1635ABDA16}.Debug|Any CPU.ActiveCfg = Debug|Any CPU
		{920472F0-BFC7-4955-9B45-2C1635ABDA16}.Debug|Any CPU.Build.0 = Debug|Any CPU
		{920472F0-BFC7-4955-9B45-2C1635ABDA16}.Release|Any CPU.ActiveCfg = Release|Any CPU
		{920472F0-BFC7-4955-9B45-2C1635ABDA16}.Release|Any CPU.Build.0 = Release|Any CPU
		{6E192BA2-E56B-4DE1-9A16-5430A15939B7}.Debug|Any CPU.ActiveCfg = Debug|Any CPU
		{6E192BA2-E56B-4DE1-9A16-5430A15939B7}.Debug|Any CPU.Build.0 = Debug|Any CPU
		{6E192BA2-E56B-4DE1-9A16-5430A15939B7}.Release|Any CPU.ActiveCfg = Release|Any CPU
		{6E192BA2-E56B-4DE1-9A16-5430A15939B7}.Release|Any CPU.Build.0 = Release|Any CPU
		{F4E3FE78-B7D9-4398-8747-735731AB3489}.Debug|Any CPU.ActiveCfg = Debug|Any CPU
		{F4E3FE78-B7D9-4398-8747-735731AB3489}.Debug|Any CPU.Build.0 = Debug|Any CPU
		{F4E3FE78-B7D9-4398-8747-735731AB3489}.Release|Any CPU.ActiveCfg = Release|Any CPU
		{F4E3FE78-B7D9-4398-8747-735731AB3489}.Release|Any CPU.Build.0 = Release|Any CPU
	EndGlobalSection
	GlobalSection(SolutionProperties) = preSolution
		HideSolutionNode = FALSE
	EndGlobalSection
	GlobalSection(NestedProjects) = preSolution
		{F0306701-F916-4FDE-A5E6-5CB112ECFF31} = {693A425C-E485-4BD0-B493-18B54FAFBE79}
		{0A5555D7-292D-4633-A8D3-1551ECD965F9} = {0D180175-7DE3-4AD9-8BFA-FCEC7DEF195E}
		{920472F0-BFC7-4955-9B45-2C1635ABDA16} = {3B2DF28F-1982-440E-B9E1-D53F657A4590}
		{6E192BA2-E56B-4DE1-9A16-5430A15939B7} = {187B85D8-F299-471C-8B6B-1B3C18A9ED01}
		{03437CB1-4C31-4A38-87AC-8A8FF2F5EB34} = {85FAA6F3-FDF1-4616-ABFE-8A847DCDE23B}
		{8CF4D587-7AE5-40FF-9E07-33F97D4D31D6} = {85FAA6F3-FDF1-4616-ABFE-8A847DCDE23B}
		{F4E3FE78-B7D9-4398-8747-735731AB3489} = {03437CB1-4C31-4A38-87AC-8A8FF2F5EB34}
	EndGlobalSection
	GlobalSection(ExtensibilityGlobals) = postSolution
		SolutionGuid = {E8674C34-DB84-4979-86F3-A0989F5125F3}
	EndGlobalSection
EndGlobal
